// !$*UTF8*$!
{
	archiveVersion = 1;
	classes = {
	};
	objectVersion = 50;
	objects = {

/* Begin PBXBuildFile section */
		183FD35A58CD74BD03A2E8A9 /* Pods_HZYNetworkingTests.framework in Frameworks */ = {isa = PBXBuildFile; fileRef = 07D794EFEF05A0D1875ADF07 /* Pods_HZYNetworkingTests.framework */; };
		405E7DB9209C7A460005FF16 /* AppDelegate.m in Sources */ = {isa = PBXBuildFile; fileRef = 405E7DB8209C7A460005FF16 /* AppDelegate.m */; };
		405E7DBF209C7A460005FF16 /* Main.storyboard in Resources */ = {isa = PBXBuildFile; fileRef = 405E7DBD209C7A460005FF16 /* Main.storyboard */; };
		405E7DC1209C7A480005FF16 /* Assets.xcassets in Resources */ = {isa = PBXBuildFile; fileRef = 405E7DC0209C7A480005FF16 /* Assets.xcassets */; };
		405E7DC4209C7A480005FF16 /* LaunchScreen.storyboard in Resources */ = {isa = PBXBuildFile; fileRef = 405E7DC2209C7A480005FF16 /* LaunchScreen.storyboard */; };
		405E7DC7209C7A480005FF16 /* main.m in Sources */ = {isa = PBXBuildFile; fileRef = 405E7DC6209C7A480005FF16 /* main.m */; };
		405E7DD1209C7A480005FF16 /* HZYNetworkingTests.m in Sources */ = {isa = PBXBuildFile; fileRef = 405E7DD0209C7A480005FF16 /* HZYNetworkingTests.m */; };
		405E7DDC209C7A480005FF16 /* HZYNetworkingUITests.m in Sources */ = {isa = PBXBuildFile; fileRef = 405E7DDB209C7A480005FF16 /* HZYNetworkingUITests.m */; };
		405E7E1D209C81DF0005FF16 /* HZYDemoRequest.m in Sources */ = {isa = PBXBuildFile; fileRef = 405E7E12209C81DF0005FF16 /* HZYDemoRequest.m */; };
		405E7E1E209C81DF0005FF16 /* HZYDemoReformer.m in Sources */ = {isa = PBXBuildFile; fileRef = 405E7E16209C81DF0005FF16 /* HZYDemoReformer.m */; };
		405E7E1F209C81DF0005FF16 /* HZYDemoAccessory.m in Sources */ = {isa = PBXBuildFile; fileRef = 405E7E18209C81DF0005FF16 /* HZYDemoAccessory.m */; };
		405E7E20209C81DF0005FF16 /* LoginView.m in Sources */ = {isa = PBXBuildFile; fileRef = 405E7E19209C81DF0005FF16 /* LoginView.m */; };
		405E7E21209C81DF0005FF16 /* HZYNetworkDemoController.m in Sources */ = {isa = PBXBuildFile; fileRef = 405E7E1A209C81DF0005FF16 /* HZYNetworkDemoController.m */; };
		405E7E22209C81DF0005FF16 /* MessageView.m in Sources */ = {isa = PBXBuildFile; fileRef = 405E7E1B209C81DF0005FF16 /* MessageView.m */; };
		5DE8AF60E1627A6D5217077C /* Pods_HZYNetworking.framework in Frameworks */ = {isa = PBXBuildFile; fileRef = A5308B8BA17569FE865526FE /* Pods_HZYNetworking.framework */; };
/* End PBXBuildFile section */

/* Begin PBXContainerItemProxy section */
		405E7DCD209C7A480005FF16 /* PBXContainerItemProxy */ = {
			isa = PBXContainerItemProxy;
			containerPortal = 405E7DAC209C7A460005FF16 /* Project object */;
			proxyType = 1;
			remoteGlobalIDString = 405E7DB3209C7A460005FF16;
			remoteInfo = HZYNetworking;
		};
		405E7DD8209C7A480005FF16 /* PBXContainerItemProxy */ = {
			isa = PBXContainerItemProxy;
			containerPortal = 405E7DAC209C7A460005FF16 /* Project object */;
			proxyType = 1;
			remoteGlobalIDString = 405E7DB3209C7A460005FF16;
			remoteInfo = HZYNetworking;
		};
/* End PBXContainerItemProxy section */

/* Begin PBXFileReference section */
		07D794EFEF05A0D1875ADF07 /* Pods_HZYNetworkingTests.framework */ = {isa = PBXFileReference; explicitFileType = wrapper.framework; includeInIndex = 0; path = Pods_HZYNetworkingTests.framework; sourceTree = BUILT_PRODUCTS_DIR; };
		1F2F8249874F375C85F21398 /* Pods-HZYNetworking.release.xcconfig */ = {isa = PBXFileReference; includeInIndex = 1; lastKnownFileType = text.xcconfig; name = "Pods-HZYNetworking.release.xcconfig"; path = "Pods/Target Support Files/Pods-HZYNetworking/Pods-HZYNetworking.release.xcconfig"; sourceTree = "<group>"; };
		2EDBB910CC0B0D29B38FE943 /* Pods-HZYNetworkingTests.release.xcconfig */ = {isa = PBXFileReference; includeInIndex = 1; lastKnownFileType = text.xcconfig; name = "Pods-HZYNetworkingTests.release.xcconfig"; path = "Pods/Target Support Files/Pods-HZYNetworkingTests/Pods-HZYNetworkingTests.release.xcconfig"; sourceTree = "<group>"; };
		405E7DB4209C7A460005FF16 /* HZYNetworking.app */ = {isa = PBXFileReference; explicitFileType = wrapper.application; includeInIndex = 0; path = HZYNetworking.app; sourceTree = BUILT_PRODUCTS_DIR; };
		405E7DB7209C7A460005FF16 /* AppDelegate.h */ = {isa = PBXFileReference; lastKnownFileType = sourcecode.c.h; path = AppDelegate.h; sourceTree = "<group>"; };
		405E7DB8209C7A460005FF16 /* AppDelegate.m */ = {isa = PBXFileReference; lastKnownFileType = sourcecode.c.objc; path = AppDelegate.m; sourceTree = "<group>"; };
		405E7DBE209C7A460005FF16 /* Base */ = {isa = PBXFileReference; lastKnownFileType = file.storyboard; name = Base; path = Base.lproj/Main.storyboard; sourceTree = "<group>"; };
		405E7DC0209C7A480005FF16 /* Assets.xcassets */ = {isa = PBXFileReference; lastKnownFileType = folder.assetcatalog; path = Assets.xcassets; sourceTree = "<group>"; };
		405E7DC3209C7A480005FF16 /* Base */ = {isa = PBXFileReference; lastKnownFileType = file.storyboard; name = Base; path = Base.lproj/LaunchScreen.storyboard; sourceTree = "<group>"; };
		405E7DC5209C7A480005FF16 /* Info.plist */ = {isa = PBXFileReference; lastKnownFileType = text.plist.xml; path = Info.plist; sourceTree = "<group>"; };
		405E7DC6209C7A480005FF16 /* main.m */ = {isa = PBXFileReference; lastKnownFileType = sourcecode.c.objc; path = main.m; sourceTree = "<group>"; };
		405E7DCC209C7A480005FF16 /* HZYNetworkingTests.xctest */ = {isa = PBXFileReference; explicitFileType = wrapper.cfbundle; includeInIndex = 0; path = HZYNetworkingTests.xctest; sourceTree = BUILT_PRODUCTS_DIR; };
		405E7DD0209C7A480005FF16 /* HZYNetworkingTests.m */ = {isa = PBXFileReference; lastKnownFileType = sourcecode.c.objc; path = HZYNetworkingTests.m; sourceTree = "<group>"; };
		405E7DD2209C7A480005FF16 /* Info.plist */ = {isa = PBXFileReference; lastKnownFileType = text.plist.xml; path = Info.plist; sourceTree = "<group>"; };
		405E7DD7209C7A480005FF16 /* HZYNetworkingUITests.xctest */ = {isa = PBXFileReference; explicitFileType = wrapper.cfbundle; includeInIndex = 0; path = HZYNetworkingUITests.xctest; sourceTree = BUILT_PRODUCTS_DIR; };
		405E7DDB209C7A480005FF16 /* HZYNetworkingUITests.m */ = {isa = PBXFileReference; lastKnownFileType = sourcecode.c.objc; path = HZYNetworkingUITests.m; sourceTree = "<group>"; };
		405E7DDD209C7A480005FF16 /* Info.plist */ = {isa = PBXFileReference; lastKnownFileType = text.plist.xml; path = Info.plist; sourceTree = "<group>"; };
		405E7E11209C81DF0005FF16 /* HZYDemoAccessory.h */ = {isa = PBXFileReference; fileEncoding = 4; lastKnownFileType = sourcecode.c.h; path = HZYDemoAccessory.h; sourceTree = "<group>"; };
		405E7E12209C81DF0005FF16 /* HZYDemoRequest.m */ = {isa = PBXFileReference; fileEncoding = 4; lastKnownFileType = sourcecode.c.objc; path = HZYDemoRequest.m; sourceTree = "<group>"; };
		405E7E13209C81DF0005FF16 /* HZYNetworkDemoController.h */ = {isa = PBXFileReference; fileEncoding = 4; lastKnownFileType = sourcecode.c.h; path = HZYNetworkDemoController.h; sourceTree = "<group>"; };
		405E7E14209C81DF0005FF16 /* LoginView.h */ = {isa = PBXFileReference; fileEncoding = 4; lastKnownFileType = sourcecode.c.h; path = LoginView.h; sourceTree = "<group>"; };
		405E7E15209C81DF0005FF16 /* MessageView.h */ = {isa = PBXFileReference; fileEncoding = 4; lastKnownFileType = sourcecode.c.h; path = MessageView.h; sourceTree = "<group>"; };
		405E7E16209C81DF0005FF16 /* HZYDemoReformer.m */ = {isa = PBXFileReference; fileEncoding = 4; lastKnownFileType = sourcecode.c.objc; path = HZYDemoReformer.m; sourceTree = "<group>"; };
		405E7E17209C81DF0005FF16 /* HZYDemoRequest.h */ = {isa = PBXFileReference; fileEncoding = 4; lastKnownFileType = sourcecode.c.h; path = HZYDemoRequest.h; sourceTree = "<group>"; };
		405E7E18209C81DF0005FF16 /* HZYDemoAccessory.m */ = {isa = PBXFileReference; fileEncoding = 4; lastKnownFileType = sourcecode.c.objc; path = HZYDemoAccessory.m; sourceTree = "<group>"; };
		405E7E19209C81DF0005FF16 /* LoginView.m */ = {isa = PBXFileReference; fileEncoding = 4; lastKnownFileType = sourcecode.c.objc; path = LoginView.m; sourceTree = "<group>"; };
		405E7E1A209C81DF0005FF16 /* HZYNetworkDemoController.m */ = {isa = PBXFileReference; fileEncoding = 4; lastKnownFileType = sourcecode.c.objc; path = HZYNetworkDemoController.m; sourceTree = "<group>"; };
		405E7E1B209C81DF0005FF16 /* MessageView.m */ = {isa = PBXFileReference; fileEncoding = 4; lastKnownFileType = sourcecode.c.objc; path = MessageView.m; sourceTree = "<group>"; };
		405E7E1C209C81DF0005FF16 /* HZYDemoReformer.h */ = {isa = PBXFileReference; fileEncoding = 4; lastKnownFileType = sourcecode.c.h; path = HZYDemoReformer.h; sourceTree = "<group>"; };
		A5308B8BA17569FE865526FE /* Pods_HZYNetworking.framework */ = {isa = PBXFileReference; explicitFileType = wrapper.framework; includeInIndex = 0; path = Pods_HZYNetworking.framework; sourceTree = BUILT_PRODUCTS_DIR; };
		E22A4F26E732BD874B7DEB78 /* Pods-HZYNetworking.debug.xcconfig */ = {isa = PBXFileReference; includeInIndex = 1; lastKnownFileType = text.xcconfig; name = "Pods-HZYNetworking.debug.xcconfig"; path = "Pods/Target Support Files/Pods-HZYNetworking/Pods-HZYNetworking.debug.xcconfig"; sourceTree = "<group>"; };
		FA4867C8F0D4CF2BF27755C1 /* Pods-HZYNetworkingTests.debug.xcconfig */ = {isa = PBXFileReference; includeInIndex = 1; lastKnownFileType = text.xcconfig; name = "Pods-HZYNetworkingTests.debug.xcconfig"; path = "Pods/Target Support Files/Pods-HZYNetworkingTests/Pods-HZYNetworkingTests.debug.xcconfig"; sourceTree = "<group>"; };
/* End PBXFileReference section */

/* Begin PBXFrameworksBuildPhase section */
		405E7DB1209C7A460005FF16 /* Frameworks */ = {
			isa = PBXFrameworksBuildPhase;
			buildActionMask = 2147483647;
			files = (
				5DE8AF60E1627A6D5217077C /* Pods_HZYNetworking.framework in Frameworks */,
			);
			runOnlyForDeploymentPostprocessing = 0;
		};
		405E7DC9209C7A480005FF16 /* Frameworks */ = {
			isa = PBXFrameworksBuildPhase;
			buildActionMask = 2147483647;
			files = (
				183FD35A58CD74BD03A2E8A9 /* Pods_HZYNetworkingTests.framework in Frameworks */,
			);
			runOnlyForDeploymentPostprocessing = 0;
		};
		405E7DD4209C7A480005FF16 /* Frameworks */ = {
			isa = PBXFrameworksBuildPhase;
			buildActionMask = 2147483647;
			files = (
			);
			runOnlyForDeploymentPostprocessing = 0;
		};
/* End PBXFrameworksBuildPhase section */

/* Begin PBXGroup section */
		0E48BB9BFD49C5C6810E0108 /* Frameworks */ = {
			isa = PBXGroup;
			children = (
				A5308B8BA17569FE865526FE /* Pods_HZYNetworking.framework */,
				07D794EFEF05A0D1875ADF07 /* Pods_HZYNetworkingTests.framework */,
			);
			name = Frameworks;
			sourceTree = "<group>";
		};
		405E7DAB209C7A460005FF16 = {
			isa = PBXGroup;
			children = (
				405E7DB6209C7A460005FF16 /* HZYNetworking */,
				405E7DCF209C7A480005FF16 /* HZYNetworkingTests */,
				405E7DDA209C7A480005FF16 /* HZYNetworkingUITests */,
				405E7DB5209C7A460005FF16 /* Products */,
				BFC16D98287ED71B036AAD56 /* Pods */,
				0E48BB9BFD49C5C6810E0108 /* Frameworks */,
			);
			sourceTree = "<group>";
		};
		405E7DB5209C7A460005FF16 /* Products */ = {
			isa = PBXGroup;
			children = (
				405E7DB4209C7A460005FF16 /* HZYNetworking.app */,
				405E7DCC209C7A480005FF16 /* HZYNetworkingTests.xctest */,
				405E7DD7209C7A480005FF16 /* HZYNetworkingUITests.xctest */,
			);
			name = Products;
			sourceTree = "<group>";
		};
		405E7DB6209C7A460005FF16 /* HZYNetworking */ = {
			isa = PBXGroup;
			children = (
				405E7DB7209C7A460005FF16 /* AppDelegate.h */,
				405E7DB8209C7A460005FF16 /* AppDelegate.m */,
				405E7DBD209C7A460005FF16 /* Main.storyboard */,
				405E7DC0209C7A480005FF16 /* Assets.xcassets */,
				405E7DC2209C7A480005FF16 /* LaunchScreen.storyboard */,
				405E7DC5209C7A480005FF16 /* Info.plist */,
				405E7DC6209C7A480005FF16 /* main.m */,
				405E7E10209C81DF0005FF16 /* HZYNetworkDemo */,
			);
			path = HZYNetworking;
			sourceTree = "<group>";
		};
		405E7DCF209C7A480005FF16 /* HZYNetworkingTests */ = {
			isa = PBXGroup;
			children = (
				405E7DD0209C7A480005FF16 /* HZYNetworkingTests.m */,
				405E7DD2209C7A480005FF16 /* Info.plist */,
			);
			path = HZYNetworkingTests;
			sourceTree = "<group>";
		};
		405E7DDA209C7A480005FF16 /* HZYNetworkingUITests */ = {
			isa = PBXGroup;
			children = (
				405E7DDB209C7A480005FF16 /* HZYNetworkingUITests.m */,
				405E7DDD209C7A480005FF16 /* Info.plist */,
			);
			path = HZYNetworkingUITests;
			sourceTree = "<group>";
		};
		405E7E10209C81DF0005FF16 /* HZYNetworkDemo */ = {
			isa = PBXGroup;
			children = (
				405E7E13209C81DF0005FF16 /* HZYNetworkDemoController.h */,
				405E7E1A209C81DF0005FF16 /* HZYNetworkDemoController.m */,
				405E7E14209C81DF0005FF16 /* LoginView.h */,
				405E7E19209C81DF0005FF16 /* LoginView.m */,
				405E7E15209C81DF0005FF16 /* MessageView.h */,
				405E7E1B209C81DF0005FF16 /* MessageView.m */,
				405E7E17209C81DF0005FF16 /* HZYDemoRequest.h */,
				405E7E12209C81DF0005FF16 /* HZYDemoRequest.m */,
				405E7E1C209C81DF0005FF16 /* HZYDemoReformer.h */,
				405E7E16209C81DF0005FF16 /* HZYDemoReformer.m */,
				405E7E11209C81DF0005FF16 /* HZYDemoAccessory.h */,
				405E7E18209C81DF0005FF16 /* HZYDemoAccessory.m */,
			);
			path = HZYNetworkDemo;
			sourceTree = SOURCE_ROOT;
		};
		BFC16D98287ED71B036AAD56 /* Pods */ = {
			isa = PBXGroup;
			children = (
				E22A4F26E732BD874B7DEB78 /* Pods-HZYNetworking.debug.xcconfig */,
				1F2F8249874F375C85F21398 /* Pods-HZYNetworking.release.xcconfig */,
				FA4867C8F0D4CF2BF27755C1 /* Pods-HZYNetworkingTests.debug.xcconfig */,
				2EDBB910CC0B0D29B38FE943 /* Pods-HZYNetworkingTests.release.xcconfig */,
			);
			name = Pods;
			sourceTree = "<group>";
		};
/* End PBXGroup section */

/* Begin PBXNativeTarget section */
		405E7DB3209C7A460005FF16 /* HZYNetworking */ = {
			isa = PBXNativeTarget;
			buildConfigurationList = 405E7DE0209C7A480005FF16 /* Build configuration list for PBXNativeTarget "HZYNetworking" */;
			buildPhases = (
				EB3990823C4577EBBF7D8AE8 /* [CP] Check Pods Manifest.lock */,
				405E7DB0209C7A460005FF16 /* Sources */,
				405E7DB1209C7A460005FF16 /* Frameworks */,
				405E7DB2209C7A460005FF16 /* Resources */,
				550BB62BF548017EA865E392 /* [CP] Embed Pods Frameworks */,
				933816346F7D90A5EC3A358F /* [CP] Copy Pods Resources */,
			);
			buildRules = (
			);
			dependencies = (
			);
			name = HZYNetworking;
			productName = HZYNetworking;
			productReference = 405E7DB4209C7A460005FF16 /* HZYNetworking.app */;
			productType = "com.apple.product-type.application";
		};
		405E7DCB209C7A480005FF16 /* HZYNetworkingTests */ = {
			isa = PBXNativeTarget;
			buildConfigurationList = 405E7DE3209C7A480005FF16 /* Build configuration list for PBXNativeTarget "HZYNetworkingTests" */;
			buildPhases = (
				6E0839FCDD89EE5D51E408F8 /* [CP] Check Pods Manifest.lock */,
				405E7DC8209C7A480005FF16 /* Sources */,
				405E7DC9209C7A480005FF16 /* Frameworks */,
				405E7DCA209C7A480005FF16 /* Resources */,
				08AAAA13A1947897991DFD4F /* [CP] Embed Pods Frameworks */,
				49A9B96F6537190D14A64A26 /* [CP] Copy Pods Resources */,
			);
			buildRules = (
			);
			dependencies = (
				405E7DCE209C7A480005FF16 /* PBXTargetDependency */,
			);
			name = HZYNetworkingTests;
			productName = HZYNetworkingTests;
			productReference = 405E7DCC209C7A480005FF16 /* HZYNetworkingTests.xctest */;
			productType = "com.apple.product-type.bundle.unit-test";
		};
		405E7DD6209C7A480005FF16 /* HZYNetworkingUITests */ = {
			isa = PBXNativeTarget;
			buildConfigurationList = 405E7DE6209C7A480005FF16 /* Build configuration list for PBXNativeTarget "HZYNetworkingUITests" */;
			buildPhases = (
				405E7DD3209C7A480005FF16 /* Sources */,
				405E7DD4209C7A480005FF16 /* Frameworks */,
				405E7DD5209C7A480005FF16 /* Resources */,
			);
			buildRules = (
			);
			dependencies = (
				405E7DD9209C7A480005FF16 /* PBXTargetDependency */,
			);
			name = HZYNetworkingUITests;
			productName = HZYNetworkingUITests;
			productReference = 405E7DD7209C7A480005FF16 /* HZYNetworkingUITests.xctest */;
			productType = "com.apple.product-type.bundle.ui-testing";
		};
/* End PBXNativeTarget section */

/* Begin PBXProject section */
		405E7DAC209C7A460005FF16 /* Project object */ = {
			isa = PBXProject;
			attributes = {
				LastUpgradeCheck = 0930;
				ORGANIZATIONNAME = com.Michael.networking;
				TargetAttributes = {
					405E7DB3209C7A460005FF16 = {
						CreatedOnToolsVersion = 9.3;
					};
					405E7DCB209C7A480005FF16 = {
						CreatedOnToolsVersion = 9.3;
						TestTargetID = 405E7DB3209C7A460005FF16;
					};
					405E7DD6209C7A480005FF16 = {
						CreatedOnToolsVersion = 9.3;
						TestTargetID = 405E7DB3209C7A460005FF16;
					};
				};
			};
			buildConfigurationList = 405E7DAF209C7A460005FF16 /* Build configuration list for PBXProject "HZYNetworking" */;
			compatibilityVersion = "Xcode 9.3";
			developmentRegion = en;
			hasScannedForEncodings = 0;
			knownRegions = (
				en,
				Base,
			);
			mainGroup = 405E7DAB209C7A460005FF16;
			productRefGroup = 405E7DB5209C7A460005FF16 /* Products */;
			projectDirPath = "";
			projectRoot = "";
			targets = (
				405E7DB3209C7A460005FF16 /* HZYNetworking */,
				405E7DCB209C7A480005FF16 /* HZYNetworkingTests */,
				405E7DD6209C7A480005FF16 /* HZYNetworkingUITests */,
			);
		};
/* End PBXProject section */

/* Begin PBXResourcesBuildPhase section */
		405E7DB2209C7A460005FF16 /* Resources */ = {
			isa = PBXResourcesBuildPhase;
			buildActionMask = 2147483647;
			files = (
				405E7DC4209C7A480005FF16 /* LaunchScreen.storyboard in Resources */,
				405E7DC1209C7A480005FF16 /* Assets.xcassets in Resources */,
				405E7DBF209C7A460005FF16 /* Main.storyboard in Resources */,
			);
			runOnlyForDeploymentPostprocessing = 0;
		};
		405E7DCA209C7A480005FF16 /* Resources */ = {
			isa = PBXResourcesBuildPhase;
			buildActionMask = 2147483647;
			files = (
			);
			runOnlyForDeploymentPostprocessing = 0;
		};
		405E7DD5209C7A480005FF16 /* Resources */ = {
			isa = PBXResourcesBuildPhase;
			buildActionMask = 2147483647;
			files = (
			);
			runOnlyForDeploymentPostprocessing = 0;
		};
/* End PBXResourcesBuildPhase section */

/* Begin PBXShellScriptBuildPhase section */
		08AAAA13A1947897991DFD4F /* [CP] Embed Pods Frameworks */ = {
			isa = PBXShellScriptBuildPhase;
			buildActionMask = 2147483647;
			files = (
			);
			inputPaths = (
			);
			name = "[CP] Embed Pods Frameworks";
			outputPaths = (
			);
			runOnlyForDeploymentPostprocessing = 0;
			shellPath = /bin/sh;
			shellScript = "\"${SRCROOT}/Pods/Target Support Files/Pods-HZYNetworkingTests/Pods-HZYNetworkingTests-frameworks.sh\"\n";
			showEnvVarsInLog = 0;
		};
		49A9B96F6537190D14A64A26 /* [CP] Copy Pods Resources */ = {
			isa = PBXShellScriptBuildPhase;
			buildActionMask = 2147483647;
			files = (
			);
			inputPaths = (
			);
			name = "[CP] Copy Pods Resources";
			outputPaths = (
			);
			runOnlyForDeploymentPostprocessing = 0;
			shellPath = /bin/sh;
			shellScript = "\"${SRCROOT}/Pods/Target Support Files/Pods-HZYNetworkingTests/Pods-HZYNetworkingTests-resources.sh\"\n";
			showEnvVarsInLog = 0;
		};
		550BB62BF548017EA865E392 /* [CP] Embed Pods Frameworks */ = {
			isa = PBXShellScriptBuildPhase;
			buildActionMask = 2147483647;
			files = (
			);
			inputPaths = (
				"${SRCROOT}/Pods/Target Support Files/Pods-HZYNetworking/Pods-HZYNetworking-frameworks.sh",
				"${BUILT_PRODUCTS_DIR}/AFNetworking/AFNetworking.framework",
				"${BUILT_PRODUCTS_DIR}/HZYNetwork/HZYNetwork.framework",
				"${BUILT_PRODUCTS_DIR}/JSONModel/JSONModel.framework",
			);
			name = "[CP] Embed Pods Frameworks";
			outputPaths = (
				"${TARGET_BUILD_DIR}/${FRAMEWORKS_FOLDER_PATH}/AFNetworking.framework",
				"${TARGET_BUILD_DIR}/${FRAMEWORKS_FOLDER_PATH}/HZYNetwork.framework",
				"${TARGET_BUILD_DIR}/${FRAMEWORKS_FOLDER_PATH}/JSONModel.framework",
			);
			runOnlyForDeploymentPostprocessing = 0;
			shellPath = /bin/sh;
			shellScript = "\"${SRCROOT}/Pods/Target Support Files/Pods-HZYNetworking/Pods-HZYNetworking-frameworks.sh\"\n";
			showEnvVarsInLog = 0;
		};
		6E0839FCDD89EE5D51E408F8 /* [CP] Check Pods Manifest.lock */ = {
			isa = PBXShellScriptBuildPhase;
			buildActionMask = 2147483647;
			files = (
			);
			inputPaths = (
				"${PODS_PODFILE_DIR_PATH}/Podfile.lock",
				"${PODS_ROOT}/Manifest.lock",
			);
			name = "[CP] Check Pods Manifest.lock";
			outputPaths = (
				"$(DERIVED_FILE_DIR)/Pods-HZYNetworkingTests-checkManifestLockResult.txt",
			);
			runOnlyForDeploymentPostprocessing = 0;
			shellPath = /bin/sh;
			shellScript = "diff \"${PODS_PODFILE_DIR_PATH}/Podfile.lock\" \"${PODS_ROOT}/Manifest.lock\" > /dev/null\nif [ $? != 0 ] ; then\n    # print error to STDERR\n    echo \"error: The sandbox is not in sync with the Podfile.lock. Run 'pod install' or update your CocoaPods installation.\" >&2\n    exit 1\nfi\n# This output is used by Xcode 'outputs' to avoid re-running this script phase.\necho \"SUCCESS\" > \"${SCRIPT_OUTPUT_FILE_0}\"\n";
			showEnvVarsInLog = 0;
		};
		933816346F7D90A5EC3A358F /* [CP] Copy Pods Resources */ = {
			isa = PBXShellScriptBuildPhase;
			buildActionMask = 2147483647;
			files = (
			);
			inputPaths = (
			);
			name = "[CP] Copy Pods Resources";
			outputPaths = (
			);
			runOnlyForDeploymentPostprocessing = 0;
			shellPath = /bin/sh;
			shellScript = "\"${SRCROOT}/Pods/Target Support Files/Pods-HZYNetworking/Pods-HZYNetworking-resources.sh\"\n";
			showEnvVarsInLog = 0;
		};
		EB3990823C4577EBBF7D8AE8 /* [CP] Check Pods Manifest.lock */ = {
			isa = PBXShellScriptBuildPhase;
			buildActionMask = 2147483647;
			files = (
			);
			inputPaths = (
				"${PODS_PODFILE_DIR_PATH}/Podfile.lock",
				"${PODS_ROOT}/Manifest.lock",
			);
			name = "[CP] Check Pods Manifest.lock";
			outputPaths = (
				"$(DERIVED_FILE_DIR)/Pods-HZYNetworking-checkManifestLockResult.txt",
			);
			runOnlyForDeploymentPostprocessing = 0;
			shellPath = /bin/sh;
			shellScript = "diff \"${PODS_PODFILE_DIR_PATH}/Podfile.lock\" \"${PODS_ROOT}/Manifest.lock\" > /dev/null\nif [ $? != 0 ] ; then\n    # print error to STDERR\n    echo \"error: The sandbox is not in sync with the Podfile.lock. Run 'pod install' or update your CocoaPods installation.\" >&2\n    exit 1\nfi\n# This output is used by Xcode 'outputs' to avoid re-running this script phase.\necho \"SUCCESS\" > \"${SCRIPT_OUTPUT_FILE_0}\"\n";
			showEnvVarsInLog = 0;
		};
/* End PBXShellScriptBuildPhase section */

/* Begin PBXSourcesBuildPhase section */
		405E7DB0209C7A460005FF16 /* Sources */ = {
			isa = PBXSourcesBuildPhase;
			buildActionMask = 2147483647;
			files = (
				405E7E22209C81DF0005FF16 /* MessageView.m in Sources */,
				405E7E1D209C81DF0005FF16 /* HZYDemoRequest.m in Sources */,
				405E7E20209C81DF0005FF16 /* LoginView.m in Sources */,
				405E7DC7209C7A480005FF16 /* main.m in Sources */,
				405E7DB9209C7A460005FF16 /* AppDelegate.m in Sources */,
				405E7E1E209C81DF0005FF16 /* HZYDemoReformer.m in Sources */,
				405E7E1F209C81DF0005FF16 /* HZYDemoAccessory.m in Sources */,
				405E7E21209C81DF0005FF16 /* HZYNetworkDemoController.m in Sources */,
			);
			runOnlyForDeploymentPostprocessing = 0;
		};
		405E7DC8209C7A480005FF16 /* Sources */ = {
			isa = PBXSourcesBuildPhase;
			buildActionMask = 2147483647;
			files = (
				405E7DD1209C7A480005FF16 /* HZYNetworkingTests.m in Sources */,
			);
			runOnlyForDeploymentPostprocessing = 0;
		};
		405E7DD3209C7A480005FF16 /* Sources */ = {
			isa = PBXSourcesBuildPhase;
			buildActionMask = 2147483647;
			files = (
				405E7DDC209C7A480005FF16 /* HZYNetworkingUITests.m in Sources */,
			);
			runOnlyForDeploymentPostprocessing = 0;
		};
/* End PBXSourcesBuildPhase section */

/* Begin PBXTargetDependency section */
		405E7DCE209C7A480005FF16 /* PBXTargetDependency */ = {
			isa = PBXTargetDependency;
			target = 405E7DB3209C7A460005FF16 /* HZYNetworking */;
			targetProxy = 405E7DCD209C7A480005FF16 /* PBXContainerItemProxy */;
		};
		405E7DD9209C7A480005FF16 /* PBXTargetDependency */ = {
			isa = PBXTargetDependency;
			target = 405E7DB3209C7A460005FF16 /* HZYNetworking */;
			targetProxy = 405E7DD8209C7A480005FF16 /* PBXContainerItemProxy */;
		};
/* End PBXTargetDependency section */

/* Begin PBXVariantGroup section */
		405E7DBD209C7A460005FF16 /* Main.storyboard */ = {
			isa = PBXVariantGroup;
			children = (
				405E7DBE209C7A460005FF16 /* Base */,
			);
			name = Main.storyboard;
			sourceTree = "<group>";
		};
		405E7DC2209C7A480005FF16 /* LaunchScreen.storyboard */ = {
			isa = PBXVariantGroup;
			children = (
				405E7DC3209C7A480005FF16 /* Base */,
			);
			name = LaunchScreen.storyboard;
			sourceTree = "<group>";
		};
/* End PBXVariantGroup section */

/* Begin XCBuildConfiguration section */
		405E7DDE209C7A480005FF16 /* Debug */ = {
			isa = XCBuildConfiguration;
			buildSettings = {
				ALWAYS_SEARCH_USER_PATHS = NO;
				CLANG_ANALYZER_NONNULL = YES;
				CLANG_ANALYZER_NUMBER_OBJECT_CONVERSION = YES_AGGRESSIVE;
				CLANG_CXX_LANGUAGE_STANDARD = "gnu++14";
				CLANG_CXX_LIBRARY = "libc++";
				CLANG_ENABLE_MODULES = YES;
				CLANG_ENABLE_OBJC_ARC = YES;
				CLANG_ENABLE_OBJC_WEAK = YES;
				CLANG_WARN_BLOCK_CAPTURE_AUTORELEASING = YES;
				CLANG_WARN_BOOL_CONVERSION = YES;
				CLANG_WARN_COMMA = YES;
				CLANG_WARN_CONSTANT_CONVERSION = YES;
				CLANG_WARN_DEPRECATED_OBJC_IMPLEMENTATIONS = YES;
				CLANG_WARN_DIRECT_OBJC_ISA_USAGE = YES_ERROR;
				CLANG_WARN_DOCUMENTATION_COMMENTS = YES;
				CLANG_WARN_EMPTY_BODY = YES;
				CLANG_WARN_ENUM_CONVERSION = YES;
				CLANG_WARN_INFINITE_RECURSION = YES;
				CLANG_WARN_INT_CONVERSION = YES;
				CLANG_WARN_NON_LITERAL_NULL_CONVERSION = YES;
				CLANG_WARN_OBJC_IMPLICIT_RETAIN_SELF = YES;
				CLANG_WARN_OBJC_LITERAL_CONVERSION = YES;
				CLANG_WARN_OBJC_ROOT_CLASS = YES_ERROR;
				CLANG_WARN_RANGE_LOOP_ANALYSIS = YES;
				CLANG_WARN_STRICT_PROTOTYPES = YES;
				CLANG_WARN_SUSPICIOUS_MOVE = YES;
				CLANG_WARN_UNGUARDED_AVAILABILITY = YES_AGGRESSIVE;
				CLANG_WARN_UNREACHABLE_CODE = YES;
				CLANG_WARN__DUPLICATE_METHOD_MATCH = YES;
				CODE_SIGN_IDENTITY = "iPhone Developer";
				COPY_PHASE_STRIP = NO;
				DEBUG_INFORMATION_FORMAT = dwarf;
				ENABLE_STRICT_OBJC_MSGSEND = YES;
				ENABLE_TESTABILITY = YES;
				GCC_C_LANGUAGE_STANDARD = gnu11;
				GCC_DYNAMIC_NO_PIC = NO;
				GCC_NO_COMMON_BLOCKS = YES;
				GCC_OPTIMIZATION_LEVEL = 0;
				GCC_PREPROCESSOR_DEFINITIONS = (
					"DEBUG=1",
					"$(inherited)",
				);
				GCC_WARN_64_TO_32_BIT_CONVERSION = YES;
				GCC_WARN_ABOUT_RETURN_TYPE = YES_ERROR;
				GCC_WARN_UNDECLARED_SELECTOR = YES;
				GCC_WARN_UNINITIALIZED_AUTOS = YES_AGGRESSIVE;
				GCC_WARN_UNUSED_FUNCTION = YES;
				GCC_WARN_UNUSED_VARIABLE = YES;
				IPHONEOS_DEPLOYMENT_TARGET = 11.3;
				MTL_ENABLE_DEBUG_INFO = YES;
				ONLY_ACTIVE_ARCH = YES;
				SDKROOT = iphoneos;
			};
			name = Debug;
		};
		405E7DDF209C7A480005FF16 /* Release */ = {
			isa = XCBuildConfiguration;
			buildSettings = {
				ALWAYS_SEARCH_USER_PATHS = NO;
				CLANG_ANALYZER_NONNULL = YES;
				CLANG_ANALYZER_NUMBER_OBJECT_CONVERSION = YES_AGGRESSIVE;
				CLANG_CXX_LANGUAGE_STANDARD = "gnu++14";
				CLANG_CXX_LIBRARY = "libc++";
				CLANG_ENABLE_MODULES = YES;
				CLANG_ENABLE_OBJC_ARC = YES;
				CLANG_ENABLE_OBJC_WEAK = YES;
				CLANG_WARN_BLOCK_CAPTURE_AUTORELEASING = YES;
				CLANG_WARN_BOOL_CONVERSION = YES;
				CLANG_WARN_COMMA = YES;
				CLANG_WARN_CONSTANT_CONVERSION = YES;
				CLANG_WARN_DEPRECATED_OBJC_IMPLEMENTATIONS = YES;
				CLANG_WARN_DIRECT_OBJC_ISA_USAGE = YES_ERROR;
				CLANG_WARN_DOCUMENTATION_COMMENTS = YES;
				CLANG_WARN_EMPTY_BODY = YES;
				CLANG_WARN_ENUM_CONVERSION = YES;
				CLANG_WARN_INFINITE_RECURSION = YES;
				CLANG_WARN_INT_CONVERSION = YES;
				CLANG_WARN_NON_LITERAL_NULL_CONVERSION = YES;
				CLANG_WARN_OBJC_IMPLICIT_RETAIN_SELF = YES;
				CLANG_WARN_OBJC_LITERAL_CONVERSION = YES;
				CLANG_WARN_OBJC_ROOT_CLASS = YES_ERROR;
				CLANG_WARN_RANGE_LOOP_ANALYSIS = YES;
				CLANG_WARN_STRICT_PROTOTYPES = YES;
				CLANG_WARN_SUSPICIOUS_MOVE = YES;
				CLANG_WARN_UNGUARDED_AVAILABILITY = YES_AGGRESSIVE;
				CLANG_WARN_UNREACHABLE_CODE = YES;
				CLANG_WARN__DUPLICATE_METHOD_MATCH = YES;
				CODE_SIGN_IDENTITY = "iPhone Developer";
				COPY_PHASE_STRIP = NO;
				DEBUG_INFORMATION_FORMAT = "dwarf-with-dsym";
				ENABLE_NS_ASSERTIONS = NO;
				ENABLE_STRICT_OBJC_MSGSEND = YES;
				GCC_C_LANGUAGE_STANDARD = gnu11;
				GCC_NO_COMMON_BLOCKS = YES;
				GCC_WARN_64_TO_32_BIT_CONVERSION = YES;
				GCC_WARN_ABOUT_RETURN_TYPE = YES_ERROR;
				GCC_WARN_UNDECLARED_SELECTOR = YES;
				GCC_WARN_UNINITIALIZED_AUTOS = YES_AGGRESSIVE;
				GCC_WARN_UNUSED_FUNCTION = YES;
				GCC_WARN_UNUSED_VARIABLE = YES;
				IPHONEOS_DEPLOYMENT_TARGET = 11.3;
				MTL_ENABLE_DEBUG_INFO = NO;
				SDKROOT = iphoneos;
				VALIDATE_PRODUCT = YES;
			};
			name = Release;
		};
		405E7DE1209C7A480005FF16 /* Debug */ = {
			isa = XCBuildConfiguration;
			baseConfigurationReference = E22A4F26E732BD874B7DEB78 /* Pods-HZYNetworking.debug.xcconfig */;
			buildSettings = {
				ASSETCATALOG_COMPILER_APPICON_NAME = AppIcon;
				CODE_SIGN_STYLE = Automatic;
				DEVELOPMENT_TEAM = 65BZ7J45PP;
				INFOPLIST_FILE = HZYNetworking/Info.plist;
				LD_RUNPATH_SEARCH_PATHS = (
					"$(inherited)",
					"@executable_path/Frameworks",
				);
				PRODUCT_BUNDLE_IDENTIFIER = com.Michael.HZYNetworking;
				PRODUCT_NAME = "$(TARGET_NAME)";
				TARGETED_DEVICE_FAMILY = "1,2";
			};
			name = Debug;
		};
		405E7DE2209C7A480005FF16 /* Release */ = {
			isa = XCBuildConfiguration;
			baseConfigurationReference = 1F2F8249874F375C85F21398 /* Pods-HZYNetworking.release.xcconfig */;
			buildSettings = {
				ASSETCATALOG_COMPILER_APPICON_NAME = AppIcon;
				CODE_SIGN_STYLE = Automatic;
				DEVELOPMENT_TEAM = 65BZ7J45PP;
				INFOPLIST_FILE = HZYNetworking/Info.plist;
				LD_RUNPATH_SEARCH_PATHS = (
					"$(inherited)",
					"@executable_path/Frameworks",
				);
				PRODUCT_BUNDLE_IDENTIFIER = com.Michael.HZYNetworking;
				PRODUCT_NAME = "$(TARGET_NAME)";
				TARGETED_DEVICE_FAMILY = "1,2";
			};
			name = Release;
		};
		405E7DE4209C7A480005FF16 /* Debug */ = {
			isa = XCBuildConfiguration;
			baseConfigurationReference = FA4867C8F0D4CF2BF27755C1 /* Pods-HZYNetworkingTests.debug.xcconfig */;
			buildSettings = {
				BUNDLE_LOADER = "$(TEST_HOST)";
				CODE_SIGN_STYLE = Automatic;
				DEVELOPMENT_TEAM = 65BZ7J45PP;
				INFOPLIST_FILE = HZYNetworkingTests/Info.plist;
				LD_RUNPATH_SEARCH_PATHS = (
					"$(inherited)",
					"@executable_path/Frameworks",
					"@loader_path/Frameworks",
				);
				PRODUCT_BUNDLE_IDENTIFIER = com.Michael.HZYNetworkingTests;
				PRODUCT_NAME = "$(TARGET_NAME)";
				TARGETED_DEVICE_FAMILY = "1,2";
				TEST_HOST = "$(BUILT_PRODUCTS_DIR)/HZYNetworking.app/HZYNetworking";
			};
			name = Debug;
		};
		405E7DE5209C7A480005FF16 /* Release */ = {
			isa = XCBuildConfiguration;
			baseConfigurationReference = 2EDBB910CC0B0D29B38FE943 /* Pods-HZYNetworkingTests.release.xcconfig */;
			buildSettings = {
				BUNDLE_LOADER = "$(TEST_HOST)";
				CODE_SIGN_STYLE = Automatic;
				DEVELOPMENT_TEAM = 65BZ7J45PP;
				INFOPLIST_FILE = HZYNetworkingTests/Info.plist;
				LD_RUNPATH_SEARCH_PATHS = (
					"$(inherited)",
					"@executable_path/Frameworks",
					"@loader_path/Frameworks",
				);
				PRODUCT_BUNDLE_IDENTIFIER = com.Michael.HZYNetworkingTests;
				PRODUCT_NAME = "$(TARGET_NAME)";
				TARGETED_DEVICE_FAMILY = "1,2";
				TEST_HOST = "$(BUILT_PRODUCTS_DIR)/HZYNetworking.app/HZYNetworking";
			};
			name = Release;
		};
		405E7DE7209C7A480005FF16 /* Debug */ = {
			isa = XCBuildConfiguration;
			buildSettings = {
				CODE_SIGN_STYLE = Automatic;
				DEVELOPMENT_TEAM = 65BZ7J45PP;
				INFOPLIST_FILE = HZYNetworkingUITests/Info.plist;
				LD_RUNPATH_SEARCH_PATHS = (
					"$(inherited)",
					"@executable_path/Frameworks",
					"@loader_path/Frameworks",
				);
				PRODUCT_BUNDLE_IDENTIFIER = com.Michael.HZYNetworkingUITests;
				PRODUCT_NAME = "$(TARGET_NAME)";
				TARGETED_DEVICE_FAMILY = "1,2";
				TEST_TARGET_NAME = HZYNetworking;
			};
			name = Debug;
		};
		405E7DE8209C7A480005FF16 /* Release */ = {
			isa = XCBuildConfiguration;
			buildSettings = {
				CODE_SIGN_STYLE = Automatic;
				DEVELOPMENT_TEAM = 65BZ7J45PP;
				INFOPLIST_FILE = HZYNetworkingUITests/Info.plist;
				LD_RUNPATH_SEARCH_PATHS = (
					"$(inherited)",
					"@executable_path/Frameworks",
					"@loader_path/Frameworks",
				);
				PRODUCT_BUNDLE_IDENTIFIER = com.Michael.HZYNetworkingUITests;
				PRODUCT_NAME = "$(TARGET_NAME)";
				TARGETED_DEVICE_FAMILY = "1,2";
				TEST_TARGET_NAME = HZYNetworking;
			};
			name = Release;
		};
/* End XCBuildConfiguration section */

/* Begin XCConfigurationList section */
		405E7DAF209C7A460005FF16 /* Build configuration list for PBXProject "HZYNetworking" */ = {
			isa = XCConfigurationList;
			buildConfigurations = (
				405E7DDE209C7A480005FF16 /* Debug */,
				405E7DDF209C7A480005FF16 /* Release */,
			);
			defaultConfigurationIsVisible = 0;
			defaultConfigurationName = Release;
		};
		405E7DE0209C7A480005FF16 /* Build configuration list for PBXNativeTarget "HZYNetworking" */ = {
			isa = XCConfigurationList;
			buildConfigurations = (
				405E7DE1209C7A480005FF16 /* Debug */,
				405E7DE2209C7A480005FF16 /* Release */,
			);
			defaultConfigurationIsVisible = 0;
			defaultConfigurationName = Release;
		};
		405E7DE3209C7A480005FF16 /* Build configuration list for PBXNativeTarget "HZYNetworkingTests" */ = {
			isa = XCConfigurationList;
			buildConfigurations = (
				405E7DE4209C7A480005FF16 /* Debug */,
				405E7DE5209C7A480005FF16 /* Release */,
			);
			defaultConfigurationIsVisible = 0;
			defaultConfigurationName = Release;
		};
		405E7DE6209C7A480005FF16 /* Build configuration list for PBXNativeTarget "HZYNetworkingUITests" */ = {
			isa = XCConfigurationList;
			buildConfigurations = (
				405E7DE7209C7A480005FF16 /* Debug */,
				405E7DE8209C7A480005FF16 /* Release */,
			);
			defaultConfigurationIsVisible = 0;
			defaultConfigurationName = Release;
		};
/* End XCConfigurationList section */
	};
	rootObject = 405E7DAC209C7A460005FF16 /* Project object */;
}
